
Microsoft Visual Studio Solution File, Format Version 12.00
# Visual Studio 2012
Project("{FAE04EC0-301F-11D3-BF4B-00C04F79EFBC}") = "PRODUCTS_MANAGEMENT", "PRODUCTS_MANAGEMENT\PRODUCTS_MANAGEMENT.csproj", "{BFBDEF24-56F8-4BA4-AFE8-4DF11CD2C7EA}"
EndProject
Global
	GlobalSection(SolutionConfigurationPlatforms) = preSolution
		Debug|Any CPU = Debug|Any CPU
		Release|Any CPU = Release|Any CPU
	EndGlobalSection
	GlobalSection(ProjectConfigurationPlatforms) = postSolution
		{BFBDEF24-56F8-4BA4-AFE8-4DF11CD2C7EA}.Debug|Any CPU.ActiveCfg = Debug|Any CPU
		{BFBDEF24-56F8-4BA4-AFE8-4DF11CD2C7EA}.Debug|Any CPU.Build.0 = Debug|Any CPU
		{BFBDEF24-56F8-4BA4-AFE8-4DF11CD2C7EA}.Release|Any CPU.ActiveCfg = Release|Any CPU
		{BFBDEF24-56F8-4BA4-AFE8-4DF11CD2C7EA}.Release|Any CPU.Build.0 = Release|Any CPU
	EndGlobalSection
	GlobalSection(SolutionProperties) = preSolution
		HideSolutionNode = FALSE
	EndGlobalSection
EndGlobal
